
Microsoft Visual Studio Solution File, Format Version 12.00
# Visual Studio 15
VisualStudioVersion = 15.0.27703.2026
MinimumVisualStudioVersion = 10.0.40219.1
Project("{A07B5EB6-E848-4116-A8D0-A826331D98C6}") = "TodoAppCore", "TodoAppCore\TodoAppCore.sfproj", "{BAD0AAED-FF5B-4316-85C4-8ABF61C6B710}"
EndProject
Project("{9A19103F-16F7-4668-BE54-9A1E7A4F7556}") = "Web", "Web\Web.csproj", "{561EFF6D-DE2E-4269-B4FF-AD230D9A6770}"
EndProject
Project("{FAE04EC0-301F-11D3-BF4B-00C04F79EFBC}") = "TodoActor", "TodoActor\TodoActor.csproj", "{A86B2DAE-64BE-4066-9DC2-E72731BA8986}"
EndProject
Project("{FAE04EC0-301F-11D3-BF4B-00C04F79EFBC}") = "TodoActor.Interfaces", "TodoActor.Interfaces\TodoActor.Interfaces.csproj", "{C1B99FC9-5D78-4C65-8EB7-649DC59D2AB8}"
EndProject
Global
	GlobalSection(SolutionConfigurationPlatforms) = preSolution
		Debug|Any CPU = Debug|Any CPU
		Debug|x64 = Debug|x64
		Release|Any CPU = Release|Any CPU
		Release|x64 = Release|x64
	EndGlobalSection
	GlobalSection(ProjectConfigurationPlatforms) = postSolution
		{BAD0AAED-FF5B-4316-85C4-8ABF61C6B710}.Debug|Any CPU.ActiveCfg = Debug|x64
		{BAD0AAED-FF5B-4316-85C4-8ABF61C6B710}.Debug|x64.ActiveCfg = Debug|x64
		{BAD0AAED-FF5B-4316-85C4-8ABF61C6B710}.Debug|x64.Build.0 = Debug|x64
		{BAD0AAED-FF5B-4316-85C4-8ABF61C6B710}.Debug|x64.Deploy.0 = Debug|x64
		{BAD0AAED-FF5B-4316-85C4-8ABF61C6B710}.Release|Any CPU.ActiveCfg = Release|x64
		{BAD0AAED-FF5B-4316-85C4-8ABF61C6B710}.Release|x64.ActiveCfg = Release|x64
		{BAD0AAED-FF5B-4316-85C4-8ABF61C6B710}.Release|x64.Build.0 = Release|x64
		{BAD0AAED-FF5B-4316-85C4-8ABF61C6B710}.Release|x64.Deploy.0 = Release|x64
		{561EFF6D-DE2E-4269-B4FF-AD230D9A6770}.Debug|Any CPU.ActiveCfg = Debug|Any CPU
		{561EFF6D-DE2E-4269-B4FF-AD230D9A6770}.Debug|Any CPU.Build.0 = Debug|Any CPU
		{561EFF6D-DE2E-4269-B4FF-AD230D9A6770}.Debug|x64.ActiveCfg = Debug|Any CPU
		{561EFF6D-DE2E-4269-B4FF-AD230D9A6770}.Debug|x64.Build.0 = Debug|Any CPU
		{561EFF6D-DE2E-4269-B4FF-AD230D9A6770}.Release|Any CPU.ActiveCfg = Release|Any CPU
		{561EFF6D-DE2E-4269-B4FF-AD230D9A6770}.Release|Any CPU.Build.0 = Release|Any CPU
		{561EFF6D-DE2E-4269-B4FF-AD230D9A6770}.Release|x64.ActiveCfg = Release|Any CPU
		{561EFF6D-DE2E-4269-B4FF-AD230D9A6770}.Release|x64.Build.0 = Release|Any CPU
		{A86B2DAE-64BE-4066-9DC2-E72731BA8986}.Debug|Any CPU.ActiveCfg = Debug|Any CPU
		{A86B2DAE-64BE-4066-9DC2-E72731BA8986}.Debug|Any CPU.Build.0 = Debug|Any CPU
		{A86B2DAE-64BE-4066-9DC2-E72731BA8986}.Debug|x64.ActiveCfg = Debug|Any CPU
		{A86B2DAE-64BE-4066-9DC2-E72731BA8986}.Debug|x64.Build.0 = Debug|Any CPU
		{A86B2DAE-64BE-4066-9DC2-E72731BA8986}.Release|Any CPU.ActiveCfg = Release|Any CPU
		{A86B2DAE-64BE-4066-9DC2-E72731BA8986}.Release|Any CPU.Build.0 = Release|Any CPU
		{A86B2DAE-64BE-4066-9DC2-E72731BA8986}.Release|x64.ActiveCfg = Release|Any CPU
		{A86B2DAE-64BE-4066-9DC2-E72731BA8986}.Release|x64.Build.0 = Release|Any CPU
		{C1B99FC9-5D78-4C65-8EB7-649DC59D2AB8}.Debug|Any CPU.ActiveCfg = Debug|Any CPU
		{C1B99FC9-5D78-4C65-8EB7-649DC59D2AB8}.Debug|Any CPU.Build.0 = Debug|Any CPU
		{C1B99FC9-5D78-4C65-8EB7-649DC59D2AB8}.Debug|x64.ActiveCfg = Debug|Any CPU
		{C1B99FC9-5D78-4C65-8EB7-649DC59D2AB8}.Debug|x64.Build.0 = Debug|Any CPU
		{C1B99FC9-5D78-4C65-8EB7-649DC59D2AB8}.Release|Any CPU.ActiveCfg = Release|Any CPU
		{C1B99FC9-5D78-4C65-8EB7-649DC59D2AB8}.Release|Any CPU.Build.0 = Release|Any CPU
		{C1B99FC9-5D78-4C65-8EB7-649DC59D2AB8}.Release|x64.ActiveCfg = Release|Any CPU
		{C1B99FC9-5D78-4C65-8EB7-649DC59D2AB8}.Release|x64.Build.0 = Release|Any CPU
	EndGlobalSection
	GlobalSection(SolutionProperties) = preSolution
		HideSolutionNode = FALSE
	EndGlobalSection
	GlobalSection(ExtensibilityGlobals) = postSolution
		SolutionGuid = {015F6AB1-6FD5-4940-893B-1B1F2C8E5D2A}
	EndGlobalSection
EndGlobal
